PODS:
  - FBSnapshotTestCase (2.1.4):
    - FBSnapshotTestCase/SwiftSupport (= 2.1.4)
  - FBSnapshotTestCase/Core (2.1.4)
  - FBSnapshotTestCase/SwiftSupport (2.1.4):
    - FBSnapshotTestCase/Core
  - GGJCategoryKit (4)
  - GGJUITools (0.0.1):
    - GGJCategoryKit

DEPENDENCIES:
  - FBSnapshotTestCase
  - GGJUITools (from `../`)

EXTERNAL SOURCES:
  GGJUITools:
    :path: ../

SPEC CHECKSUMS:
  FBSnapshotTestCase: 094f9f314decbabe373b87cc339bea235a63e07a
  GGJCategoryKit: 9764729dc9b91edeeedaa880dca643cfc5ed41ca
  GGJUITools: de149aeb362f76d1dd8fd06e47d6808f17d185f3

PODFILE CHECKSUM: 7934ea27618fb101c8140e956bee21ce44ed860f

COCOAPODS: 1.4.0
